
Microsoft Visual Studio Solution File, Format Version 12.00
# Visual Studio Version 17
VisualStudioVersion = 17.10.35027.167
MinimumVisualStudioVersion = 10.0.40219.1
Project("{FAE04EC0-301F-11D3-BF4B-00C04F79EFBC}") = "MongoDBIntegration", "MongoDBIntegration\MongoDBIntegration.csproj", "{D88F880B-519D-40E4-A52D-2A3E462B65D0}"
EndProject
Global
	GlobalSection(SolutionConfigurationPlatforms) = preSolution
		Debug|Any CPU = Debug|Any CPU
		Release|Any CPU = Release|Any CPU
	EndGlobalSection
	GlobalSection(ProjectConfigurationPlatforms) = postSolution
		{D88F880B-519D-40E4-A52D-2A3E462B65D0}.Debug|Any CPU.ActiveCfg = Debug|Any CPU
		{D88F880B-519D-40E4-A52D-2A3E462B65D0}.Debug|Any CPU.Build.0 = Debug|Any CPU
		{D88F880B-519D-40E4-A52D-2A3E462B65D0}.Release|Any CPU.ActiveCfg = Release|Any CPU
		{D88F880B-519D-40E4-A52D-2A3E462B65D0}.Release|Any CPU.Build.0 = Release|Any CPU
	EndGlobalSection
	GlobalSection(SolutionProperties) = preSolution
		HideSolutionNode = FALSE
	EndGlobalSection
	GlobalSection(ExtensibilityGlobals) = postSolution
		SolutionGuid = {679F72B5-0454-47C7-BD96-AA7165B1621B}
	EndGlobalSection
EndGlobal
